PODS:
  - Malert (4.0)
  - SideMenu (6.4.8)

DEPENDENCIES:
  - Malert
  - SideMenu

SPEC REPOS:
  trunk:
    - Malert
    - SideMenu

SPEC CHECKSUMS:
  Malert: 78badcb143f4df7bff1fa62f4bec05497c7865f3
  SideMenu: 4a891be552d30bb6fa87ad404d62e485f8450c34

PODFILE CHECKSUM: 9423ed671933c49226250f55cf7a9e6f62ccd947

COCOAPODS: 1.8.4
