// !$*UTF8*$!
{
	archiveVersion = 1;
	classes = {
	};
	objectVersion = 51;
	objects = {

/* Begin PBXBuildFile section */
		431F22168AA3AFE4489D55E7 /* Pods_NoonCam.framework in Frameworks */ = {isa = PBXBuildFile; fileRef = 1FCB951938FC6CB90DA3BBC3 /* Pods_NoonCam.framework */; };
		E52A6B1F249926BF006B5DAD /* Utility.swift in Sources */ = {isa = PBXBuildFile; fileRef = E52A6B1E249926BF006B5DAD /* Utility.swift */; };
		E54A2DFF249DF8A300FD71FD /* ApiManager.swift in Sources */ = {isa = PBXBuildFile; fileRef = E5585C20249CE77800154277 /* ApiManager.swift */; };
		E54A2E00249DF8B300FD71FD /* AppDelegate.swift in Sources */ = {isa = PBXBuildFile; fileRef = E552A789249A347800BFC64E /* AppDelegate.swift */; };
		E552A79F249A347800BFC64E /* CamTalkFlowLayout.swift in Sources */ = {isa = PBXBuildFile; fileRef = E552A78B249A347800BFC64E /* CamTalkFlowLayout.swift */; };
		E552A7A0249A347800BFC64E /* IntroViewController.swift in Sources */ = {isa = PBXBuildFile; fileRef = E552A78C249A347800BFC64E /* IntroViewController.swift */; };
		E552A7A1249A347800BFC64E /* CamTalkCell.swift in Sources */ = {isa = PBXBuildFile; fileRef = E552A78D249A347800BFC64E /* CamTalkCell.swift */; };
		E552A7A2249A347800BFC64E /* LeftSlideMenuViewController.swift in Sources */ = {isa = PBXBuildFile; fileRef = E552A78E249A347800BFC64E /* LeftSlideMenuViewController.swift */; };
		E552A7A3249A347800BFC64E /* MainViewController.swift in Sources */ = {isa = PBXBuildFile; fileRef = E552A78F249A347800BFC64E /* MainViewController.swift */; };
		E552A7A5249A347800BFC64E /* Intro.storyboard in Resources */ = {isa = PBXBuildFile; fileRef = E552A791249A347800BFC64E /* Intro.storyboard */; };
		E552A7A6249A347800BFC64E /* ChattingTalkViewController.swift in Sources */ = {isa = PBXBuildFile; fileRef = E552A792249A347800BFC64E /* ChattingTalkViewController.swift */; };
		E552A7A7249A347800BFC64E /* ChargeViewController.swift in Sources */ = {isa = PBXBuildFile; fileRef = E552A793249A347800BFC64E /* ChargeViewController.swift */; };
		E552A7A8249A347800BFC64E /* JimViewController.swift in Sources */ = {isa = PBXBuildFile; fileRef = E552A794249A347800BFC64E /* JimViewController.swift */; };
		E552A7AA249A347800BFC64E /* MytalkViewController.swift in Sources */ = {isa = PBXBuildFile; fileRef = E552A796249A347800BFC64E /* MytalkViewController.swift */; };
		E552A7AB249A347800BFC64E /* SceneDelegate.swift in Sources */ = {isa = PBXBuildFile; fileRef = E552A797249A347800BFC64E /* SceneDelegate.swift */; };
		E552A7AC249A347800BFC64E /* CamTalkViewController.swift in Sources */ = {isa = PBXBuildFile; fileRef = E552A798249A347800BFC64E /* CamTalkViewController.swift */; };
		E552A7AD249A347800BFC64E /* ChattingTalkListViewController.swift in Sources */ = {isa = PBXBuildFile; fileRef = E552A799249A347800BFC64E /* ChattingTalkListViewController.swift */; };
		E552A7AF249A347800BFC64E /* CamTalkListViewController.swift in Sources */ = {isa = PBXBuildFile; fileRef = E552A79B249A347800BFC64E /* CamTalkListViewController.swift */; };
		E552A7B0249A347800BFC64E /* MainNavigationController.swift in Sources */ = {isa = PBXBuildFile; fileRef = E552A79C249A347800BFC64E /* MainNavigationController.swift */; };
		E552A7BC249A35CB00BFC64E /* RollingView.swift in Sources */ = {isa = PBXBuildFile; fileRef = E552A7BA249A35CB00BFC64E /* RollingView.swift */; };
		E552A7BF249A361900BFC64E /* LetterViewController.swift in Sources */ = {isa = PBXBuildFile; fileRef = E552A7BE249A361900BFC64E /* LetterViewController.swift */; };
		E552A7C1249A374300BFC64E /* LetterListViewController.swift in Sources */ = {isa = PBXBuildFile; fileRef = E552A7C0249A374300BFC64E /* LetterListViewController.swift */; };
		E552A7C3249A3C6F00BFC64E /* ProfileViewController.swift in Sources */ = {isa = PBXBuildFile; fileRef = E552A7C2249A3C6F00BFC64E /* ProfileViewController.swift */; };
		E552A7C6249A3C8A00BFC64E /* NoticeViewController.swift in Sources */ = {isa = PBXBuildFile; fileRef = E552A7C5249A3C8A00BFC64E /* NoticeViewController.swift */; };
		E552A7C8249A3C9E00BFC64E /* MoneyViewController.swift in Sources */ = {isa = PBXBuildFile; fileRef = E552A7C7249A3C9E00BFC64E /* MoneyViewController.swift */; };
		E552A7CA249A3CA600BFC64E /* SettingViewController.swift in Sources */ = {isa = PBXBuildFile; fileRef = E552A7C9249A3CA600BFC64E /* SettingViewController.swift */; };
		E556FEEA249BB2CA001D9BD7 /* ItemView.swift in Sources */ = {isa = PBXBuildFile; fileRef = E556FEE9249BB2CA001D9BD7 /* ItemView.swift */; };
		E556FEEC249BB2E8001D9BD7 /* ItemView.xib in Resources */ = {isa = PBXBuildFile; fileRef = E556FEEB249BB2E8001D9BD7 /* ItemView.xib */; };
		E5577B23249EEC2100C97347 /* BaseViewController.swift in Sources */ = {isa = PBXBuildFile; fileRef = E5577B22249EEC2100C97347 /* BaseViewController.swift */; };
		E5577B31249F86F100C97347 /* CPickerViewController.swift in Sources */ = {isa = PBXBuildFile; fileRef = E5577B2F249F86F100C97347 /* CPickerViewController.swift */; };
		E5577B32249F86F100C97347 /* CPickerViewController.xib in Resources */ = {isa = PBXBuildFile; fileRef = E5577B30249F86F100C97347 /* CPickerViewController.xib */; };
		E5585C23249CEDF700154277 /* NetWorkManager.swift in Sources */ = {isa = PBXBuildFile; fileRef = E5585C22249CEDF700154277 /* NetWorkManager.swift */; };
		E5585C2C249D931400154277 /* ServiceError.swift in Sources */ = {isa = PBXBuildFile; fileRef = E5585C2B249D931300154277 /* ServiceError.swift */; };
		E5585C2E249DB14D00154277 /* CamTalk.swift in Sources */ = {isa = PBXBuildFile; fileRef = E5585C2D249DB14D00154277 /* CamTalk.swift */; };
		E5585C32249DC2AD00154277 /* ShareData.swift in Sources */ = {isa = PBXBuildFile; fileRef = E5585C31249DC2AD00154277 /* ShareData.swift */; };
		E5669C20249A231100845BF6 /* TalkTableViewCell.swift in Sources */ = {isa = PBXBuildFile; fileRef = E5669C1E249A231100845BF6 /* TalkTableViewCell.swift */; };
		E5669C21249A231100845BF6 /* TalkTableViewCell.xib in Resources */ = {isa = PBXBuildFile; fileRef = E5669C1F249A231100845BF6 /* TalkTableViewCell.xib */; };
		E5A2D05B249E204B00CD016B /* ChattingTalk.swift in Sources */ = {isa = PBXBuildFile; fileRef = E5A2D05A249E204B00CD016B /* ChattingTalk.swift */; };
		E9115E80249B0D400047B351 /* NoticeDetailView.swift in Sources */ = {isa = PBXBuildFile; fileRef = E9115E7F249B0D400047B351 /* NoticeDetailView.swift */; };
		E9115E82249B0D470047B351 /* NoticeDetailView.xib in Resources */ = {isa = PBXBuildFile; fileRef = E9115E81249B0D470047B351 /* NoticeDetailView.xib */; };
		E9115E88249B21600047B351 /* Notice.swift in Sources */ = {isa = PBXBuildFile; fileRef = E9115E87249B21600047B351 /* Notice.swift */; };
		E9115E8A249B35260047B351 /* MoneyRefundViewController.swift in Sources */ = {isa = PBXBuildFile; fileRef = E9115E89249B35260047B351 /* MoneyRefundViewController.swift */; };
		E9115E8C249B3D760047B351 /* MoneyRefundListViewController.swift in Sources */ = {isa = PBXBuildFile; fileRef = E9115E8B249B3D760047B351 /* MoneyRefundListViewController.swift */; };
		E9115E92249B5B8B0047B351 /* TalkAlertView.swift in Sources */ = {isa = PBXBuildFile; fileRef = E9115E91249B5B8B0047B351 /* TalkAlertView.swift */; };
		E9115E94249B5B920047B351 /* TalkAlertView.xib in Resources */ = {isa = PBXBuildFile; fileRef = E9115E93249B5B920047B351 /* TalkAlertView.xib */; };
		E91C3433249C45B4001145FA /* RollingView.xib in Resources */ = {isa = PBXBuildFile; fileRef = E91C3432249C45B4001145FA /* RollingView.xib */; };
		E91C3437249CA9B6001145FA /* CButton.swift in Sources */ = {isa = PBXBuildFile; fileRef = E91C3436249CA9B6001145FA /* CButton.swift */; };
		E9B8BEAF2498489F0082FCAE /* Main.storyboard in Resources */ = {isa = PBXBuildFile; fileRef = E9B8BEAD2498489F0082FCAE /* Main.storyboard */; };
		E9B8BEB22498489F0082FCAE /* NoonCam.xcdatamodeld in Sources */ = {isa = PBXBuildFile; fileRef = E9B8BEB02498489F0082FCAE /* NoonCam.xcdatamodeld */; };
		E9B8BEB4249848A10082FCAE /* Assets.xcassets in Resources */ = {isa = PBXBuildFile; fileRef = E9B8BEB3249848A10082FCAE /* Assets.xcassets */; };
		E9B8BEB7249848A10082FCAE /* LaunchScreen.storyboard in Resources */ = {isa = PBXBuildFile; fileRef = E9B8BEB5249848A10082FCAE /* LaunchScreen.storyboard */; };
/* End PBXBuildFile section */

/* Begin PBXFileReference section */
		1FCB951938FC6CB90DA3BBC3 /* Pods_NoonCam.framework */ = {isa = PBXFileReference; explicitFileType = wrapper.framework; includeInIndex = 0; path = Pods_NoonCam.framework; sourceTree = BUILT_PRODUCTS_DIR; };
		7C9847913AEA15B728FDACA8 /* Pods-NoonCam.debug.xcconfig */ = {isa = PBXFileReference; includeInIndex = 1; lastKnownFileType = text.xcconfig; name = "Pods-NoonCam.debug.xcconfig"; path = "Target Support Files/Pods-NoonCam/Pods-NoonCam.debug.xcconfig"; sourceTree = "<group>"; };
		97E58F51A161B9022EDB8A78 /* Pods-NoonCam.release.xcconfig */ = {isa = PBXFileReference; includeInIndex = 1; lastKnownFileType = text.xcconfig; name = "Pods-NoonCam.release.xcconfig"; path = "Target Support Files/Pods-NoonCam/Pods-NoonCam.release.xcconfig"; sourceTree = "<group>"; };
		E52A6B1E249926BF006B5DAD /* Utility.swift */ = {isa = PBXFileReference; lastKnownFileType = sourcecode.swift; path = Utility.swift; sourceTree = "<group>"; };
		E52A6B21249928FE006B5DAD /* Constant.h */ = {isa = PBXFileReference; lastKnownFileType = sourcecode.c.h; path = Constant.h; sourceTree = "<group>"; };
		E552A789249A347800BFC64E /* AppDelegate.swift */ = {isa = PBXFileReference; fileEncoding = 4; lastKnownFileType = sourcecode.swift; path = AppDelegate.swift; sourceTree = "<group>"; };
		E552A78B249A347800BFC64E /* CamTalkFlowLayout.swift */ = {isa = PBXFileReference; fileEncoding = 4; lastKnownFileType = sourcecode.swift; path = CamTalkFlowLayout.swift; sourceTree = "<group>"; };
		E552A78C249A347800BFC64E /* IntroViewController.swift */ = {isa = PBXFileReference; fileEncoding = 4; lastKnownFileType = sourcecode.swift; name = IntroViewController.swift; path = NoonCam/Controller/IntroViewController.swift; sourceTree = SOURCE_ROOT; };
		E552A78D249A347800BFC64E /* CamTalkCell.swift */ = {isa = PBXFileReference; fileEncoding = 4; lastKnownFileType = sourcecode.swift; path = CamTalkCell.swift; sourceTree = "<group>"; };
		E552A78E249A347800BFC64E /* LeftSlideMenuViewController.swift */ = {isa = PBXFileReference; fileEncoding = 4; lastKnownFileType = sourcecode.swift; path = LeftSlideMenuViewController.swift; sourceTree = "<group>"; };
		E552A78F249A347800BFC64E /* MainViewController.swift */ = {isa = PBXFileReference; fileEncoding = 4; lastKnownFileType = sourcecode.swift; path = MainViewController.swift; sourceTree = "<group>"; };
		E552A791249A347800BFC64E /* Intro.storyboard */ = {isa = PBXFileReference; fileEncoding = 4; lastKnownFileType = file.storyboard; name = Intro.storyboard; path = NoonCam/Controller/Intro.storyboard; sourceTree = SOURCE_ROOT; };
		E552A792249A347800BFC64E /* ChattingTalkViewController.swift */ = {isa = PBXFileReference; fileEncoding = 4; lastKnownFileType = sourcecode.swift; path = ChattingTalkViewController.swift; sourceTree = "<group>"; };
		E552A793249A347800BFC64E /* ChargeViewController.swift */ = {isa = PBXFileReference; fileEncoding = 4; lastKnownFileType = sourcecode.swift; path = ChargeViewController.swift; sourceTree = "<group>"; };
		E552A794249A347800BFC64E /* JimViewController.swift */ = {isa = PBXFileReference; fileEncoding = 4; lastKnownFileType = sourcecode.swift; path = JimViewController.swift; sourceTree = "<group>"; };
		E552A796249A347800BFC64E /* MytalkViewController.swift */ = {isa = PBXFileReference; fileEncoding = 4; lastKnownFileType = sourcecode.swift; path = MytalkViewController.swift; sourceTree = "<group>"; };
		E552A797249A347800BFC64E /* SceneDelegate.swift */ = {isa = PBXFileReference; fileEncoding = 4; lastKnownFileType = sourcecode.swift; path = SceneDelegate.swift; sourceTree = "<group>"; };
		E552A798249A347800BFC64E /* CamTalkViewController.swift */ = {isa = PBXFileReference; fileEncoding = 4; lastKnownFileType = sourcecode.swift; path = CamTalkViewController.swift; sourceTree = "<group>"; };
		E552A799249A347800BFC64E /* ChattingTalkListViewController.swift */ = {isa = PBXFileReference; fileEncoding = 4; lastKnownFileType = sourcecode.swift; path = ChattingTalkListViewController.swift; sourceTree = "<group>"; };
		E552A79B249A347800BFC64E /* CamTalkListViewController.swift */ = {isa = PBXFileReference; fileEncoding = 4; lastKnownFileType = sourcecode.swift; path = CamTalkListViewController.swift; sourceTree = "<group>"; };
		E552A79C249A347800BFC64E /* MainNavigationController.swift */ = {isa = PBXFileReference; fileEncoding = 4; lastKnownFileType = sourcecode.swift; path = MainNavigationController.swift; sourceTree = "<group>"; };
		E552A7BA249A35CB00BFC64E /* RollingView.swift */ = {isa = PBXFileReference; fileEncoding = 4; lastKnownFileType = sourcecode.swift; path = RollingView.swift; sourceTree = "<group>"; };
		E552A7BE249A361900BFC64E /* LetterViewController.swift */ = {isa = PBXFileReference; lastKnownFileType = sourcecode.swift; path = LetterViewController.swift; sourceTree = "<group>"; };
		E552A7C0249A374300BFC64E /* LetterListViewController.swift */ = {isa = PBXFileReference; lastKnownFileType = sourcecode.swift; path = LetterListViewController.swift; sourceTree = "<group>"; };
		E552A7C2249A3C6F00BFC64E /* ProfileViewController.swift */ = {isa = PBXFileReference; lastKnownFileType = sourcecode.swift; path = ProfileViewController.swift; sourceTree = "<group>"; };
		E552A7C5249A3C8A00BFC64E /* NoticeViewController.swift */ = {isa = PBXFileReference; lastKnownFileType = sourcecode.swift; path = NoticeViewController.swift; sourceTree = "<group>"; };
		E552A7C7249A3C9E00BFC64E /* MoneyViewController.swift */ = {isa = PBXFileReference; lastKnownFileType = sourcecode.swift; path = MoneyViewController.swift; sourceTree = "<group>"; };
		E552A7C9249A3CA600BFC64E /* SettingViewController.swift */ = {isa = PBXFileReference; lastKnownFileType = sourcecode.swift; path = SettingViewController.swift; sourceTree = "<group>"; };
		E556FEE9249BB2CA001D9BD7 /* ItemView.swift */ = {isa = PBXFileReference; lastKnownFileType = sourcecode.swift; path = ItemView.swift; sourceTree = "<group>"; };
		E556FEEB249BB2E8001D9BD7 /* ItemView.xib */ = {isa = PBXFileReference; lastKnownFileType = file.xib; path = ItemView.xib; sourceTree = "<group>"; };
		E5577B22249EEC2100C97347 /* BaseViewController.swift */ = {isa = PBXFileReference; lastKnownFileType = sourcecode.swift; path = BaseViewController.swift; sourceTree = "<group>"; };
		E5577B2F249F86F100C97347 /* CPickerViewController.swift */ = {isa = PBXFileReference; lastKnownFileType = sourcecode.swift; path = CPickerViewController.swift; sourceTree = "<group>"; };
		E5577B30249F86F100C97347 /* CPickerViewController.xib */ = {isa = PBXFileReference; lastKnownFileType = file.xib; path = CPickerViewController.xib; sourceTree = "<group>"; };
		E5585C20249CE77800154277 /* ApiManager.swift */ = {isa = PBXFileReference; lastKnownFileType = sourcecode.swift; path = ApiManager.swift; sourceTree = "<group>"; };
		E5585C22249CEDF700154277 /* NetWorkManager.swift */ = {isa = PBXFileReference; lastKnownFileType = sourcecode.swift; path = NetWorkManager.swift; sourceTree = "<group>"; };
		E5585C2B249D931300154277 /* ServiceError.swift */ = {isa = PBXFileReference; lastKnownFileType = sourcecode.swift; path = ServiceError.swift; sourceTree = "<group>"; };
		E5585C2D249DB14D00154277 /* CamTalk.swift */ = {isa = PBXFileReference; lastKnownFileType = sourcecode.swift; path = CamTalk.swift; sourceTree = "<group>"; };
		E5585C31249DC2AD00154277 /* ShareData.swift */ = {isa = PBXFileReference; lastKnownFileType = sourcecode.swift; path = ShareData.swift; sourceTree = "<group>"; };
		E5669C1E249A231100845BF6 /* TalkTableViewCell.swift */ = {isa = PBXFileReference; lastKnownFileType = sourcecode.swift; path = TalkTableViewCell.swift; sourceTree = "<group>"; };
		E5669C1F249A231100845BF6 /* TalkTableViewCell.xib */ = {isa = PBXFileReference; lastKnownFileType = file.xib; path = TalkTableViewCell.xib; sourceTree = "<group>"; };
		E5A2D05A249E204B00CD016B /* ChattingTalk.swift */ = {isa = PBXFileReference; lastKnownFileType = sourcecode.swift; path = ChattingTalk.swift; sourceTree = "<group>"; };
		E9115E7F249B0D400047B351 /* NoticeDetailView.swift */ = {isa = PBXFileReference; lastKnownFileType = sourcecode.swift; path = NoticeDetailView.swift; sourceTree = "<group>"; };
		E9115E81249B0D470047B351 /* NoticeDetailView.xib */ = {isa = PBXFileReference; lastKnownFileType = file.xib; path = NoticeDetailView.xib; sourceTree = "<group>"; };
		E9115E87249B21600047B351 /* Notice.swift */ = {isa = PBXFileReference; lastKnownFileType = sourcecode.swift; path = Notice.swift; sourceTree = "<group>"; };
		E9115E89249B35260047B351 /* MoneyRefundViewController.swift */ = {isa = PBXFileReference; lastKnownFileType = sourcecode.swift; path = MoneyRefundViewController.swift; sourceTree = "<group>"; };
		E9115E8B249B3D760047B351 /* MoneyRefundListViewController.swift */ = {isa = PBXFileReference; lastKnownFileType = sourcecode.swift; path = MoneyRefundListViewController.swift; sourceTree = "<group>"; };
		E9115E8D249B47030047B351 /* PrefixHeader.pch */ = {isa = PBXFileReference; lastKnownFileType = sourcecode.c.h; path = PrefixHeader.pch; sourceTree = "<group>"; };
		E9115E91249B5B8B0047B351 /* TalkAlertView.swift */ = {isa = PBXFileReference; lastKnownFileType = sourcecode.swift; path = TalkAlertView.swift; sourceTree = "<group>"; };
		E9115E93249B5B920047B351 /* TalkAlertView.xib */ = {isa = PBXFileReference; lastKnownFileType = file.xib; path = TalkAlertView.xib; sourceTree = "<group>"; };
		E91C3432249C45B4001145FA /* RollingView.xib */ = {isa = PBXFileReference; lastKnownFileType = file.xib; path = RollingView.xib; sourceTree = "<group>"; };
		E91C3436249CA9B6001145FA /* CButton.swift */ = {isa = PBXFileReference; lastKnownFileType = sourcecode.swift; path = CButton.swift; sourceTree = "<group>"; };
		E9B8BEA42498489F0082FCAE /* NoonCam.app */ = {isa = PBXFileReference; explicitFileType = wrapper.application; includeInIndex = 0; path = NoonCam.app; sourceTree = BUILT_PRODUCTS_DIR; };
		E9B8BEAE2498489F0082FCAE /* Base */ = {isa = PBXFileReference; lastKnownFileType = file.storyboard; name = Base; path = Base.lproj/Main.storyboard; sourceTree = "<group>"; };
		E9B8BEB12498489F0082FCAE /* NoonCam.xcdatamodel */ = {isa = PBXFileReference; lastKnownFileType = wrapper.xcdatamodel; path = NoonCam.xcdatamodel; sourceTree = "<group>"; };
		E9B8BEB3249848A10082FCAE /* Assets.xcassets */ = {isa = PBXFileReference; lastKnownFileType = folder.assetcatalog; path = Assets.xcassets; sourceTree = "<group>"; };
		E9B8BEB6249848A10082FCAE /* Base */ = {isa = PBXFileReference; lastKnownFileType = file.storyboard; name = Base; path = Base.lproj/LaunchScreen.storyboard; sourceTree = "<group>"; };
		E9B8BEB8249848A10082FCAE /* Info.plist */ = {isa = PBXFileReference; lastKnownFileType = text.plist.xml; path = Info.plist; sourceTree = "<group>"; };
/* End PBXFileReference section */

/* Begin PBXFrameworksBuildPhase section */
		E9B8BEA12498489F0082FCAE /* Frameworks */ = {
			isa = PBXFrameworksBuildPhase;
			buildActionMask = 2147483647;
			files = (
				431F22168AA3AFE4489D55E7 /* Pods_NoonCam.framework in Frameworks */,
			);
			runOnlyForDeploymentPostprocessing = 0;
		};
/* End PBXFrameworksBuildPhase section */

/* Begin PBXGroup section */
		4E6482D001690F733A509D75 /* Frameworks */ = {
			isa = PBXGroup;
			children = (
				1FCB951938FC6CB90DA3BBC3 /* Pods_NoonCam.framework */,
			);
			name = Frameworks;
			sourceTree = "<group>";
		};
		B09FAD3B1A8E3F23978A651F /* Pods */ = {
			isa = PBXGroup;
			children = (
				7C9847913AEA15B728FDACA8 /* Pods-NoonCam.debug.xcconfig */,
				97E58F51A161B9022EDB8A78 /* Pods-NoonCam.release.xcconfig */,
			);
			path = Pods;
			sourceTree = "<group>";
		};
		E52A6B20249926E0006B5DAD /* Utils */ = {
			isa = PBXGroup;
			children = (
				E52A6B1E249926BF006B5DAD /* Utility.swift */,
				E52A6B21249928FE006B5DAD /* Constant.h */,
			);
			path = Utils;
			sourceTree = "<group>";
		};
		E552A785249A33AD00BFC64E /* Controller */ = {
			isa = PBXGroup;
			children = (
				E552A7BD249A360700BFC64E /* Letter */,
				E552A7B3249A34D000BFC64E /* CamTalk */,
				E552A7B1249A348E00BFC64E /* Main */,
				E552A7B7249A355B00BFC64E /* Charge */,
				E552A7B8249A356900BFC64E /* Chattingtalk */,
				E552A7B6249A354000BFC64E /* Intro */,
				E552A7C4249A3C7500BFC64E /* Menu */,
				E5577B2F249F86F100C97347 /* CPickerViewController.swift */,
				E5577B30249F86F100C97347 /* CPickerViewController.xib */,
			);
			path = Controller;
			sourceTree = "<group>";
		};
		E552A7B1249A348E00BFC64E /* Main */ = {
			isa = PBXGroup;
			children = (
				E552A789249A347800BFC64E /* AppDelegate.swift */,
				E552A797249A347800BFC64E /* SceneDelegate.swift */,
				E552A78E249A347800BFC64E /* LeftSlideMenuViewController.swift */,
				E552A79C249A347800BFC64E /* MainNavigationController.swift */,
				E552A78F249A347800BFC64E /* MainViewController.swift */,
			);
			name = Main;
			sourceTree = "<group>";
		};
		E552A7B3249A34D000BFC64E /* CamTalk */ = {
			isa = PBXGroup;
			children = (
				E552A78D249A347800BFC64E /* CamTalkCell.swift */,
				E552A78B249A347800BFC64E /* CamTalkFlowLayout.swift */,
				E552A79B249A347800BFC64E /* CamTalkListViewController.swift */,
				E552A798249A347800BFC64E /* CamTalkViewController.swift */,
				E5577B22249EEC2100C97347 /* BaseViewController.swift */,
			);
			name = CamTalk;
			sourceTree = "<group>";
		};
		E552A7B6249A354000BFC64E /* Intro */ = {
			isa = PBXGroup;
			children = (
				E552A791249A347800BFC64E /* Intro.storyboard */,
				E552A78C249A347800BFC64E /* IntroViewController.swift */,
			);
			name = Intro;
			sourceTree = "<group>";
		};
		E552A7B7249A355B00BFC64E /* Charge */ = {
			isa = PBXGroup;
			children = (
				E552A793249A347800BFC64E /* ChargeViewController.swift */,
			);
			name = Charge;
			sourceTree = "<group>";
		};
		E552A7B8249A356900BFC64E /* Chattingtalk */ = {
			isa = PBXGroup;
			children = (
				E552A799249A347800BFC64E /* ChattingTalkListViewController.swift */,
				E552A792249A347800BFC64E /* ChattingTalkViewController.swift */,
				E552A794249A347800BFC64E /* JimViewController.swift */,
				E552A796249A347800BFC64E /* MytalkViewController.swift */,
				E5669C1E249A231100845BF6 /* TalkTableViewCell.swift */,
				E5669C1F249A231100845BF6 /* TalkTableViewCell.xib */,
			);
			name = Chattingtalk;
			sourceTree = "<group>";
		};
		E552A7BD249A360700BFC64E /* Letter */ = {
			isa = PBXGroup;
			children = (
				E552A7BE249A361900BFC64E /* LetterViewController.swift */,
				E552A7C0249A374300BFC64E /* LetterListViewController.swift */,
			);
			name = Letter;
			sourceTree = "<group>";
		};
		E552A7C4249A3C7500BFC64E /* Menu */ = {
			isa = PBXGroup;
			children = (
				E552A7C2249A3C6F00BFC64E /* ProfileViewController.swift */,
				E552A7C5249A3C8A00BFC64E /* NoticeViewController.swift */,
				E552A7C7249A3C9E00BFC64E /* MoneyViewController.swift */,
				E552A7C9249A3CA600BFC64E /* SettingViewController.swift */,
				E9115E89249B35260047B351 /* MoneyRefundViewController.swift */,
				E9115E8B249B3D760047B351 /* MoneyRefundListViewController.swift */,
			);
			name = Menu;
			sourceTree = "<group>";
		};
		E5669C1D249A229C00845BF6 /* Views */ = {
			isa = PBXGroup;
			children = (
				E9115E8E249B5AA70047B351 /* PopupView */,
				E552A7BA249A35CB00BFC64E /* RollingView.swift */,
				E91C3432249C45B4001145FA /* RollingView.xib */,
				E556FEE9249BB2CA001D9BD7 /* ItemView.swift */,
				E556FEEB249BB2E8001D9BD7 /* ItemView.xib */,
				E9115E7F249B0D400047B351 /* NoticeDetailView.swift */,
				E9115E81249B0D470047B351 /* NoticeDetailView.xib */,
				E91C3436249CA9B6001145FA /* CButton.swift */,
			);
			path = Views;
			sourceTree = "<group>";
		};
		E9115E84249B213E0047B351 /* Models */ = {
			isa = PBXGroup;
			children = (
				E5585C2B249D931300154277 /* ServiceError.swift */,
				E9115E87249B21600047B351 /* Notice.swift */,
				E5585C2D249DB14D00154277 /* CamTalk.swift */,
				E5A2D05A249E204B00CD016B /* ChattingTalk.swift */,
				E5585C31249DC2AD00154277 /* ShareData.swift */,
			);
			path = Models;
			sourceTree = "<group>";
		};
		E9115E8E249B5AA70047B351 /* PopupView */ = {
			isa = PBXGroup;
			children = (
				E9115E91249B5B8B0047B351 /* TalkAlertView.swift */,
				E9115E93249B5B920047B351 /* TalkAlertView.xib */,
			);
			path = PopupView;
			sourceTree = "<group>";
		};
		E9B562D0249CB82200359651 /* DB */ = {
			isa = PBXGroup;
			children = (
				E5585C20249CE77800154277 /* ApiManager.swift */,
				E5585C22249CEDF700154277 /* NetWorkManager.swift */,
			);
			path = DB;
			sourceTree = "<group>";
		};
		E9B8BE9B2498489F0082FCAE = {
			isa = PBXGroup;
			children = (
				E9B8BEAD2498489F0082FCAE /* Main.storyboard */,
				E9B8BEA62498489F0082FCAE /* NoonCam */,
				E9B8BEA52498489F0082FCAE /* Products */,
				B09FAD3B1A8E3F23978A651F /* Pods */,
				4E6482D001690F733A509D75 /* Frameworks */,
			);
			sourceTree = "<group>";
		};
		E9B8BEA52498489F0082FCAE /* Products */ = {
			isa = PBXGroup;
			children = (
				E9B8BEA42498489F0082FCAE /* NoonCam.app */,
			);
			name = Products;
			sourceTree = "<group>";
		};
		E9B8BEA62498489F0082FCAE /* NoonCam */ = {
			isa = PBXGroup;
			children = (
				E9B562D0249CB82200359651 /* DB */,
				E9115E84249B213E0047B351 /* Models */,
				E552A785249A33AD00BFC64E /* Controller */,
				E5669C1D249A229C00845BF6 /* Views */,
				E9B8BEB3249848A10082FCAE /* Assets.xcassets */,
				E9B8BEB5249848A10082FCAE /* LaunchScreen.storyboard */,
				E9B8BEB8249848A10082FCAE /* Info.plist */,
				E9B8BEB02498489F0082FCAE /* NoonCam.xcdatamodeld */,
				E52A6B20249926E0006B5DAD /* Utils */,
				E9115E8D249B47030047B351 /* PrefixHeader.pch */,
			);
			path = NoonCam;
			sourceTree = "<group>";
		};
/* End PBXGroup section */

/* Begin PBXNativeTarget section */
		E9B8BEA32498489F0082FCAE /* NoonCam */ = {
			isa = PBXNativeTarget;
			buildConfigurationList = E9B8BEBB249848A10082FCAE /* Build configuration list for PBXNativeTarget "NoonCam" */;
			buildPhases = (
				3EF1B261FC4527A60AD6411E /* [CP] Check Pods Manifest.lock */,
				E9B8BEA02498489F0082FCAE /* Sources */,
				E9B8BEA12498489F0082FCAE /* Frameworks */,
				E9B8BEA22498489F0082FCAE /* Resources */,
				F094366D2FBB9C17F72450AF /* [CP] Embed Pods Frameworks */,
			);
			buildRules = (
			);
			dependencies = (
			);
			name = NoonCam;
			productName = NoonCam;
			productReference = E9B8BEA42498489F0082FCAE /* NoonCam.app */;
			productType = "com.apple.product-type.application";
		};
/* End PBXNativeTarget section */

/* Begin PBXProject section */
		E9B8BE9C2498489F0082FCAE /* Project object */ = {
			isa = PBXProject;
			attributes = {
				LastSwiftUpdateCheck = 1150;
				LastUpgradeCheck = 1150;
				ORGANIZATIONNAME = "김학철";
				TargetAttributes = {
					E9B8BEA32498489F0082FCAE = {
						CreatedOnToolsVersion = 11.5;
					};
				};
			};
			buildConfigurationList = E9B8BE9F2498489F0082FCAE /* Build configuration list for PBXProject "NoonCam" */;
			compatibilityVersion = "Xcode 9.3";
			developmentRegion = en;
			hasScannedForEncodings = 0;
			knownRegions = (
				en,
				Base,
			);
			mainGroup = E9B8BE9B2498489F0082FCAE;
			productRefGroup = E9B8BEA52498489F0082FCAE /* Products */;
			projectDirPath = "";
			projectRoot = "";
			targets = (
				E9B8BEA32498489F0082FCAE /* NoonCam */,
			);
		};
/* End PBXProject section */

/* Begin PBXResourcesBuildPhase section */
		E9B8BEA22498489F0082FCAE /* Resources */ = {
			isa = PBXResourcesBuildPhase;
			buildActionMask = 2147483647;
			files = (
				E5577B32249F86F100C97347 /* CPickerViewController.xib in Resources */,
				E556FEEC249BB2E8001D9BD7 /* ItemView.xib in Resources */,
				E91C3433249C45B4001145FA /* RollingView.xib in Resources */,
				E9B8BEB7249848A10082FCAE /* LaunchScreen.storyboard in Resources */,
				E9115E94249B5B920047B351 /* TalkAlertView.xib in Resources */,
				E5669C21249A231100845BF6 /* TalkTableViewCell.xib in Resources */,
				E9B8BEB4249848A10082FCAE /* Assets.xcassets in Resources */,
				E9B8BEAF2498489F0082FCAE /* Main.storyboard in Resources */,
				E9115E82249B0D470047B351 /* NoticeDetailView.xib in Resources */,
				E552A7A5249A347800BFC64E /* Intro.storyboard in Resources */,
			);
			runOnlyForDeploymentPostprocessing = 0;
		};
/* End PBXResourcesBuildPhase section */

/* Begin PBXShellScriptBuildPhase section */
		3EF1B261FC4527A60AD6411E /* [CP] Check Pods Manifest.lock */ = {
			isa = PBXShellScriptBuildPhase;
			buildActionMask = 2147483647;
			files = (
			);
			inputFileListPaths = (
			);
			inputPaths = (
				"${PODS_PODFILE_DIR_PATH}/Podfile.lock",
				"${PODS_ROOT}/Manifest.lock",
			);
			name = "[CP] Check Pods Manifest.lock";
			outputFileListPaths = (
			);
			outputPaths = (
				"$(DERIVED_FILE_DIR)/Pods-NoonCam-checkManifestLockResult.txt",
			);
			runOnlyForDeploymentPostprocessing = 0;
			shellPath = /bin/sh;
			shellScript = "diff \"${PODS_PODFILE_DIR_PATH}/Podfile.lock\" \"${PODS_ROOT}/Manifest.lock\" > /dev/null\nif [ $? != 0 ] ; then\n    # print error to STDERR\n    echo \"error: The sandbox is not in sync with the Podfile.lock. Run 'pod install' or update your CocoaPods installation.\" >&2\n    exit 1\nfi\n# This output is used by Xcode 'outputs' to avoid re-running this script phase.\necho \"SUCCESS\" > \"${SCRIPT_OUTPUT_FILE_0}\"\n";
			showEnvVarsInLog = 0;
		};
		F094366D2FBB9C17F72450AF /* [CP] Embed Pods Frameworks */ = {
			isa = PBXShellScriptBuildPhase;
			buildActionMask = 2147483647;
			files = (
			);
			inputFileListPaths = (
				"${PODS_ROOT}/Target Support Files/Pods-NoonCam/Pods-NoonCam-frameworks-${CONFIGURATION}-input-files.xcfilelist",
			);
			name = "[CP] Embed Pods Frameworks";
			outputFileListPaths = (
				"${PODS_ROOT}/Target Support Files/Pods-NoonCam/Pods-NoonCam-frameworks-${CONFIGURATION}-output-files.xcfilelist",
			);
			runOnlyForDeploymentPostprocessing = 0;
			shellPath = /bin/sh;
			shellScript = "\"${PODS_ROOT}/Target Support Files/Pods-NoonCam/Pods-NoonCam-frameworks.sh\"\n";
			showEnvVarsInLog = 0;
		};
/* End PBXShellScriptBuildPhase section */

/* Begin PBXSourcesBuildPhase section */
		E9B8BEA02498489F0082FCAE /* Sources */ = {
			isa = PBXSourcesBuildPhase;
			buildActionMask = 2147483647;
			files = (
				E552A7AD249A347800BFC64E /* ChattingTalkListViewController.swift in Sources */,
				E552A7A2249A347800BFC64E /* LeftSlideMenuViewController.swift in Sources */,
				E54A2E00249DF8B300FD71FD /* AppDelegate.swift in Sources */,
				E9115E80249B0D400047B351 /* NoticeDetailView.swift in Sources */,
				E9115E92249B5B8B0047B351 /* TalkAlertView.swift in Sources */,
				E552A7C1249A374300BFC64E /* LetterListViewController.swift in Sources */,
				E552A7CA249A3CA600BFC64E /* SettingViewController.swift in Sources */,
				E552A7AF249A347800BFC64E /* CamTalkListViewController.swift in Sources */,
				E9115E8A249B35260047B351 /* MoneyRefundViewController.swift in Sources */,
				E552A7BC249A35CB00BFC64E /* RollingView.swift in Sources */,
				E552A7AC249A347800BFC64E /* CamTalkViewController.swift in Sources */,
				E552A7A1249A347800BFC64E /* CamTalkCell.swift in Sources */,
				E5585C2E249DB14D00154277 /* CamTalk.swift in Sources */,
				E552A7A6249A347800BFC64E /* ChattingTalkViewController.swift in Sources */,
				E54A2DFF249DF8A300FD71FD /* ApiManager.swift in Sources */,
				E552A7A0249A347800BFC64E /* IntroViewController.swift in Sources */,
				E91C3437249CA9B6001145FA /* CButton.swift in Sources */,
				E52A6B1F249926BF006B5DAD /* Utility.swift in Sources */,
				E552A7AB249A347800BFC64E /* SceneDelegate.swift in Sources */,
				E5669C20249A231100845BF6 /* TalkTableViewCell.swift in Sources */,
				E9B8BEB22498489F0082FCAE /* NoonCam.xcdatamodeld in Sources */,
				E552A79F249A347800BFC64E /* CamTalkFlowLayout.swift in Sources */,
				E5577B31249F86F100C97347 /* CPickerViewController.swift in Sources */,
				E556FEEA249BB2CA001D9BD7 /* ItemView.swift in Sources */,
				E9115E88249B21600047B351 /* Notice.swift in Sources */,
				E5A2D05B249E204B00CD016B /* ChattingTalk.swift in Sources */,
				E552A7C3249A3C6F00BFC64E /* ProfileViewController.swift in Sources */,
				E5577B23249EEC2100C97347 /* BaseViewController.swift in Sources */,
				E5585C2C249D931400154277 /* ServiceError.swift in Sources */,
				E552A7AA249A347800BFC64E /* MytalkViewController.swift in Sources */,
				E9115E8C249B3D760047B351 /* MoneyRefundListViewController.swift in Sources */,
				E5585C23249CEDF700154277 /* NetWorkManager.swift in Sources */,
				E552A7C8249A3C9E00BFC64E /* MoneyViewController.swift in Sources */,
				E552A7A8249A347800BFC64E /* JimViewController.swift in Sources */,
				E5585C32249DC2AD00154277 /* ShareData.swift in Sources */,
				E552A7B0249A347800BFC64E /* MainNavigationController.swift in Sources */,
				E552A7A7249A347800BFC64E /* ChargeViewController.swift in Sources */,
				E552A7BF249A361900BFC64E /* LetterViewController.swift in Sources */,
				E552A7C6249A3C8A00BFC64E /* NoticeViewController.swift in Sources */,
				E552A7A3249A347800BFC64E /* MainViewController.swift in Sources */,
			);
			runOnlyForDeploymentPostprocessing = 0;
		};
/* End PBXSourcesBuildPhase section */

/* Begin PBXVariantGroup section */
		E9B8BEAD2498489F0082FCAE /* Main.storyboard */ = {
			isa = PBXVariantGroup;
			children = (
				E9B8BEAE2498489F0082FCAE /* Base */,
			);
			name = Main.storyboard;
			sourceTree = "<group>";
		};
		E9B8BEB5249848A10082FCAE /* LaunchScreen.storyboard */ = {
			isa = PBXVariantGroup;
			children = (
				E9B8BEB6249848A10082FCAE /* Base */,
			);
			name = LaunchScreen.storyboard;
			sourceTree = "<group>";
		};
/* End PBXVariantGroup section */

/* Begin XCBuildConfiguration section */
		E9B8BEB9249848A10082FCAE /* Debug */ = {
			isa = XCBuildConfiguration;
			buildSettings = {
				ALWAYS_SEARCH_USER_PATHS = NO;
				CLANG_ANALYZER_NONNULL = YES;
				CLANG_ANALYZER_NUMBER_OBJECT_CONVERSION = YES_AGGRESSIVE;
				CLANG_CXX_LANGUAGE_STANDARD = "gnu++14";
				CLANG_CXX_LIBRARY = "libc++";
				CLANG_ENABLE_MODULES = YES;
				CLANG_ENABLE_OBJC_ARC = YES;
				CLANG_ENABLE_OBJC_WEAK = YES;
				CLANG_WARN_BLOCK_CAPTURE_AUTORELEASING = YES;
				CLANG_WARN_BOOL_CONVERSION = YES;
				CLANG_WARN_COMMA = YES;
				CLANG_WARN_CONSTANT_CONVERSION = YES;
				CLANG_WARN_DEPRECATED_OBJC_IMPLEMENTATIONS = YES;
				CLANG_WARN_DIRECT_OBJC_ISA_USAGE = YES_ERROR;
				CLANG_WARN_DOCUMENTATION_COMMENTS = YES;
				CLANG_WARN_EMPTY_BODY = YES;
				CLANG_WARN_ENUM_CONVERSION = YES;
				CLANG_WARN_INFINITE_RECURSION = YES;
				CLANG_WARN_INT_CONVERSION = YES;
				CLANG_WARN_NON_LITERAL_NULL_CONVERSION = YES;
				CLANG_WARN_OBJC_IMPLICIT_RETAIN_SELF = YES;
				CLANG_WARN_OBJC_LITERAL_CONVERSION = YES;
				CLANG_WARN_OBJC_ROOT_CLASS = YES_ERROR;
				CLANG_WARN_RANGE_LOOP_ANALYSIS = YES;
				CLANG_WARN_STRICT_PROTOTYPES = YES;
				CLANG_WARN_SUSPICIOUS_MOVE = YES;
				CLANG_WARN_UNGUARDED_AVAILABILITY = YES_AGGRESSIVE;
				CLANG_WARN_UNREACHABLE_CODE = YES;
				CLANG_WARN__DUPLICATE_METHOD_MATCH = YES;
				COPY_PHASE_STRIP = NO;
				DEBUG_INFORMATION_FORMAT = dwarf;
				ENABLE_STRICT_OBJC_MSGSEND = YES;
				ENABLE_TESTABILITY = YES;
				GCC_C_LANGUAGE_STANDARD = gnu11;
				GCC_DYNAMIC_NO_PIC = NO;
				GCC_NO_COMMON_BLOCKS = YES;
				GCC_OPTIMIZATION_LEVEL = 0;
				GCC_PREPROCESSOR_DEFINITIONS = (
					"DEBUG=1",
					"$(inherited)",
				);
				GCC_WARN_64_TO_32_BIT_CONVERSION = YES;
				GCC_WARN_ABOUT_RETURN_TYPE = YES_ERROR;
				GCC_WARN_UNDECLARED_SELECTOR = YES;
				GCC_WARN_UNINITIALIZED_AUTOS = YES_AGGRESSIVE;
				GCC_WARN_UNUSED_FUNCTION = YES;
				GCC_WARN_UNUSED_VARIABLE = YES;
				IPHONEOS_DEPLOYMENT_TARGET = 10.0;
				MTL_ENABLE_DEBUG_INFO = INCLUDE_SOURCE;
				MTL_FAST_MATH = YES;
				ONLY_ACTIVE_ARCH = YES;
				SDKROOT = iphoneos;
				SWIFT_ACTIVE_COMPILATION_CONDITIONS = DEBUG;
				SWIFT_OPTIMIZATION_LEVEL = "-Onone";
			};
			name = Debug;
		};
		E9B8BEBA249848A10082FCAE /* Release */ = {
			isa = XCBuildConfiguration;
			buildSettings = {
				ALWAYS_SEARCH_USER_PATHS = NO;
				CLANG_ANALYZER_NONNULL = YES;
				CLANG_ANALYZER_NUMBER_OBJECT_CONVERSION = YES_AGGRESSIVE;
				CLANG_CXX_LANGUAGE_STANDARD = "gnu++14";
				CLANG_CXX_LIBRARY = "libc++";
				CLANG_ENABLE_MODULES = YES;
				CLANG_ENABLE_OBJC_ARC = YES;
				CLANG_ENABLE_OBJC_WEAK = YES;
				CLANG_WARN_BLOCK_CAPTURE_AUTORELEASING = YES;
				CLANG_WARN_BOOL_CONVERSION = YES;
				CLANG_WARN_COMMA = YES;
				CLANG_WARN_CONSTANT_CONVERSION = YES;
				CLANG_WARN_DEPRECATED_OBJC_IMPLEMENTATIONS = YES;
				CLANG_WARN_DIRECT_OBJC_ISA_USAGE = YES_ERROR;
				CLANG_WARN_DOCUMENTATION_COMMENTS = YES;
				CLANG_WARN_EMPTY_BODY = YES;
				CLANG_WARN_ENUM_CONVERSION = YES;
				CLANG_WARN_INFINITE_RECURSION = YES;
				CLANG_WARN_INT_CONVERSION = YES;
				CLANG_WARN_NON_LITERAL_NULL_CONVERSION = YES;
				CLANG_WARN_OBJC_IMPLICIT_RETAIN_SELF = YES;
				CLANG_WARN_OBJC_LITERAL_CONVERSION = YES;
				CLANG_WARN_OBJC_ROOT_CLASS = YES_ERROR;
				CLANG_WARN_RANGE_LOOP_ANALYSIS = YES;
				CLANG_WARN_STRICT_PROTOTYPES = YES;
				CLANG_WARN_SUSPICIOUS_MOVE = YES;
				CLANG_WARN_UNGUARDED_AVAILABILITY = YES_AGGRESSIVE;
				CLANG_WARN_UNREACHABLE_CODE = YES;
				CLANG_WARN__DUPLICATE_METHOD_MATCH = YES;
				COPY_PHASE_STRIP = NO;
				DEBUG_INFORMATION_FORMAT = "dwarf-with-dsym";
				ENABLE_NS_ASSERTIONS = NO;
				ENABLE_STRICT_OBJC_MSGSEND = YES;
				GCC_C_LANGUAGE_STANDARD = gnu11;
				GCC_NO_COMMON_BLOCKS = YES;
				GCC_WARN_64_TO_32_BIT_CONVERSION = YES;
				GCC_WARN_ABOUT_RETURN_TYPE = YES_ERROR;
				GCC_WARN_UNDECLARED_SELECTOR = YES;
				GCC_WARN_UNINITIALIZED_AUTOS = YES_AGGRESSIVE;
				GCC_WARN_UNUSED_FUNCTION = YES;
				GCC_WARN_UNUSED_VARIABLE = YES;
				IPHONEOS_DEPLOYMENT_TARGET = 10.0;
				MTL_ENABLE_DEBUG_INFO = NO;
				MTL_FAST_MATH = YES;
				SDKROOT = iphoneos;
				SWIFT_COMPILATION_MODE = wholemodule;
				SWIFT_OPTIMIZATION_LEVEL = "-O";
				VALIDATE_PRODUCT = YES;
			};
			name = Release;
		};
		E9B8BEBC249848A10082FCAE /* Debug */ = {
			isa = XCBuildConfiguration;
			baseConfigurationReference = 7C9847913AEA15B728FDACA8 /* Pods-NoonCam.debug.xcconfig */;
			buildSettings = {
				ASSETCATALOG_COMPILER_APPICON_NAME = AppIcon;
				CODE_SIGN_STYLE = Automatic;
				DEVELOPMENT_TEAM = 6QB33R9MCL;
				GCC_INCREASE_PRECOMPILED_HEADER_SHARING = NO;
				GCC_PRECOMPILE_PREFIX_HEADER = YES;
				GCC_PREFIX_HEADER = "$(SRCROOT)/NoonCam/PrefixHeader.pch";
				INFOPLIST_FILE = NoonCam/Info.plist;
				LD_RUNPATH_SEARCH_PATHS = (
					"$(inherited)",
					"@executable_path/Frameworks",
				);
				PRODUCT_BUNDLE_IDENTIFIER = com.snsncam.NoonCam;
				PRODUCT_NAME = "$(TARGET_NAME)";
				SWIFT_VERSION = 5.0;
				TARGETED_DEVICE_FAMILY = "1,2";
			};
			name = Debug;
		};
		E9B8BEBD249848A10082FCAE /* Release */ = {
			isa = XCBuildConfiguration;
			baseConfigurationReference = 97E58F51A161B9022EDB8A78 /* Pods-NoonCam.release.xcconfig */;
			buildSettings = {
				ASSETCATALOG_COMPILER_APPICON_NAME = AppIcon;
				CODE_SIGN_STYLE = Automatic;
				DEVELOPMENT_TEAM = 6QB33R9MCL;
				GCC_INCREASE_PRECOMPILED_HEADER_SHARING = NO;
				GCC_PRECOMPILE_PREFIX_HEADER = YES;
				GCC_PREFIX_HEADER = "$(SRCROOT)/NoonCam/PrefixHeader.pch";
				INFOPLIST_FILE = NoonCam/Info.plist;
				LD_RUNPATH_SEARCH_PATHS = (
					"$(inherited)",
					"@executable_path/Frameworks",
				);
				PRODUCT_BUNDLE_IDENTIFIER = com.snsncam.NoonCam;
				PRODUCT_NAME = "$(TARGET_NAME)";
				SWIFT_VERSION = 5.0;
				TARGETED_DEVICE_FAMILY = "1,2";
			};
			name = Release;
		};
/* End XCBuildConfiguration section */

/* Begin XCConfigurationList section */
		E9B8BE9F2498489F0082FCAE /* Build configuration list for PBXProject "NoonCam" */ = {
			isa = XCConfigurationList;
			buildConfigurations = (
				E9B8BEB9249848A10082FCAE /* Debug */,
				E9B8BEBA249848A10082FCAE /* Release */,
			);
			defaultConfigurationIsVisible = 0;
			defaultConfigurationName = Release;
		};
		E9B8BEBB249848A10082FCAE /* Build configuration list for PBXNativeTarget "NoonCam" */ = {
			isa = XCConfigurationList;
			buildConfigurations = (
				E9B8BEBC249848A10082FCAE /* Debug */,
				E9B8BEBD249848A10082FCAE /* Release */,
			);
			defaultConfigurationIsVisible = 0;
			defaultConfigurationName = Release;
		};
/* End XCConfigurationList section */

/* Begin XCVersionGroup section */
		E9B8BEB02498489F0082FCAE /* NoonCam.xcdatamodeld */ = {
			isa = XCVersionGroup;
			children = (
				E9B8BEB12498489F0082FCAE /* NoonCam.xcdatamodel */,
			);
			currentVersion = E9B8BEB12498489F0082FCAE /* NoonCam.xcdatamodel */;
			path = NoonCam.xcdatamodeld;
			sourceTree = "<group>";
			versionGroupType = wrapper.xcdatamodel;
		};
/* End XCVersionGroup section */
	};
	rootObject = E9B8BE9C2498489F0082FCAE /* Project object */;
}
